// !$*UTF8*$!
{
	archiveVersion = 1;
	classes = {
	};
	objectVersion = 50;
	objects = {

/* Begin PBXBuildFile section */
		9E322E6F245F2F7A0089FEE1 /* TestData.swift in Sources */ = {isa = PBXBuildFile; fileRef = 9E322E6E245F2F7A0089FEE1 /* TestData.swift */; };
		9E6067A9245DB80200881E82 /* AppDelegate.swift in Sources */ = {isa = PBXBuildFile; fileRef = 9E6067A8245DB80200881E82 /* AppDelegate.swift */; };
		9E6067AB245DB80200881E82 /* SceneDelegate.swift in Sources */ = {isa = PBXBuildFile; fileRef = 9E6067AA245DB80200881E82 /* SceneDelegate.swift */; };
		9E6067AD245DB80200881E82 /* NewEventVC.swift in Sources */ = {isa = PBXBuildFile; fileRef = 9E6067AC245DB80200881E82 /* NewEventVC.swift */; };
		9E6067B0245DB80200881E82 /* Main.storyboard in Resources */ = {isa = PBXBuildFile; fileRef = 9E6067AE245DB80200881E82 /* Main.storyboard */; };
		9E6067B2245DB80600881E82 /* Assets.xcassets in Resources */ = {isa = PBXBuildFile; fileRef = 9E6067B1245DB80600881E82 /* Assets.xcassets */; };
		9E6067B5245DB80600881E82 /* LaunchScreen.storyboard in Resources */ = {isa = PBXBuildFile; fileRef = 9E6067B3245DB80600881E82 /* LaunchScreen.storyboard */; };
		9E6067BE245DBA5B00881E82 /* EventsVC.swift in Sources */ = {isa = PBXBuildFile; fileRef = 9E6067BD245DBA5B00881E82 /* EventsVC.swift */; };
		9E6067C1245DBA9800881E82 /* myMeetings.swift in Sources */ = {isa = PBXBuildFile; fileRef = 9E6067C0245DBA9800881E82 /* myMeetings.swift */; };
		9E6067C4245DBAF400881E82 /* ProfileVC.swift in Sources */ = {isa = PBXBuildFile; fileRef = 9E6067C3245DBAF400881E82 /* ProfileVC.swift */; };
		9E6067C7245DE1B700881E82 /* EventsTableViewCell.swift in Sources */ = {isa = PBXBuildFile; fileRef = 9E6067C6245DE1B700881E82 /* EventsTableViewCell.swift */; };
		9E73B423245EF4360000AEB1 /* EventsCollectionViewCell.swift in Sources */ = {isa = PBXBuildFile; fileRef = 9E73B422245EF4360000AEB1 /* EventsCollectionViewCell.swift */; };
		9E73B425245EFBB50000AEB1 /* CategoryModel.swift in Sources */ = {isa = PBXBuildFile; fileRef = 9E73B424245EFBB50000AEB1 /* CategoryModel.swift */; };
		9E73B427245EFC1F0000AEB1 /* EventModel.swift in Sources */ = {isa = PBXBuildFile; fileRef = 9E73B426245EFC1F0000AEB1 /* EventModel.swift */; };
/* End PBXBuildFile section */

/* Begin PBXFileReference section */
		9E322E6E245F2F7A0089FEE1 /* TestData.swift */ = {isa = PBXFileReference; lastKnownFileType = sourcecode.swift; path = TestData.swift; sourceTree = "<group>"; };
		9E6067A5245DB80200881E82 /* Kvartirnik.app */ = {isa = PBXFileReference; explicitFileType = wrapper.application; includeInIndex = 0; path = Kvartirnik.app; sourceTree = BUILT_PRODUCTS_DIR; };
		9E6067A8245DB80200881E82 /* AppDelegate.swift */ = {isa = PBXFileReference; lastKnownFileType = sourcecode.swift; path = AppDelegate.swift; sourceTree = "<group>"; };
		9E6067AA245DB80200881E82 /* SceneDelegate.swift */ = {isa = PBXFileReference; lastKnownFileType = sourcecode.swift; path = SceneDelegate.swift; sourceTree = "<group>"; };
		9E6067AC245DB80200881E82 /* NewEventVC.swift */ = {isa = PBXFileReference; lastKnownFileType = sourcecode.swift; path = NewEventVC.swift; sourceTree = "<group>"; };
		9E6067AF245DB80200881E82 /* Base */ = {isa = PBXFileReference; lastKnownFileType = file.storyboard; name = Base; path = Base.lproj/Main.storyboard; sourceTree = "<group>"; };
		9E6067B1245DB80600881E82 /* Assets.xcassets */ = {isa = PBXFileReference; lastKnownFileType = folder.assetcatalog; path = Assets.xcassets; sourceTree = "<group>"; };
		9E6067B4245DB80600881E82 /* Base */ = {isa = PBXFileReference; lastKnownFileType = file.storyboard; name = Base; path = Base.lproj/LaunchScreen.storyboard; sourceTree = "<group>"; };
		9E6067B6245DB80600881E82 /* Info.plist */ = {isa = PBXFileReference; lastKnownFileType = text.plist.xml; path = Info.plist; sourceTree = "<group>"; };
		9E6067BD245DBA5B00881E82 /* EventsVC.swift */ = {isa = PBXFileReference; lastKnownFileType = sourcecode.swift; path = EventsVC.swift; sourceTree = "<group>"; };
		9E6067C0245DBA9800881E82 /* myMeetings.swift */ = {isa = PBXFileReference; lastKnownFileType = sourcecode.swift; path = myMeetings.swift; sourceTree = "<group>"; };
		9E6067C3245DBAF400881E82 /* ProfileVC.swift */ = {isa = PBXFileReference; lastKnownFileType = sourcecode.swift; path = ProfileVC.swift; sourceTree = "<group>"; };
		9E6067C6245DE1B700881E82 /* EventsTableViewCell.swift */ = {isa = PBXFileReference; lastKnownFileType = sourcecode.swift; path = EventsTableViewCell.swift; sourceTree = "<group>"; };
		9E73B422245EF4360000AEB1 /* EventsCollectionViewCell.swift */ = {isa = PBXFileReference; lastKnownFileType = sourcecode.swift; path = EventsCollectionViewCell.swift; sourceTree = "<group>"; };
		9E73B424245EFBB50000AEB1 /* CategoryModel.swift */ = {isa = PBXFileReference; lastKnownFileType = sourcecode.swift; path = CategoryModel.swift; sourceTree = "<group>"; };
		9E73B426245EFC1F0000AEB1 /* EventModel.swift */ = {isa = PBXFileReference; lastKnownFileType = sourcecode.swift; path = EventModel.swift; sourceTree = "<group>"; };
/* End PBXFileReference section */

/* Begin PBXFrameworksBuildPhase section */
		9E6067A2245DB80200881E82 /* Frameworks */ = {
			isa = PBXFrameworksBuildPhase;
			buildActionMask = 2147483647;
			files = (
			);
			runOnlyForDeploymentPostprocessing = 0;
		};
/* End PBXFrameworksBuildPhase section */

/* Begin PBXGroup section */
		9E60679C245DB80200881E82 = {
			isa = PBXGroup;
			children = (
				9E6067A7245DB80200881E82 /* Kvartirnik */,
				9E6067A6245DB80200881E82 /* Products */,
			);
			sourceTree = "<group>";
		};
		9E6067A6245DB80200881E82 /* Products */ = {
			isa = PBXGroup;
			children = (
				9E6067A5245DB80200881E82 /* Kvartirnik.app */,
			);
			name = Products;
			sourceTree = "<group>";
		};
		9E6067A7245DB80200881E82 /* Kvartirnik */ = {
			isa = PBXGroup;
			children = (
				9E6067A8245DB80200881E82 /* AppDelegate.swift */,
				9E6067AA245DB80200881E82 /* SceneDelegate.swift */,
				9E6067AE245DB80200881E82 /* Main.storyboard */,
				9E6067B3245DB80600881E82 /* LaunchScreen.storyboard */,
				9E6067BF245DBA6300881E82 /* Events */,
				9E6067BC245DBA2B00881E82 /* NewEvent */,
				9E6067C2245DBA9D00881E82 /* MyEvents */,
				9E6067C5245DBB0D00881E82 /* Profile */,
				9E6067B1245DB80600881E82 /* Assets.xcassets */,
				9E6067B6245DB80600881E82 /* Info.plist */,
			);
			path = Kvartirnik;
			sourceTree = "<group>";
		};
		9E6067BC245DBA2B00881E82 /* NewEvent */ = {
			isa = PBXGroup;
			children = (
				9E73B426245EFC1F0000AEB1 /* EventModel.swift */,
				9E6067AC245DB80200881E82 /* NewEventVC.swift */,
			);
			path = NewEvent;
			sourceTree = "<group>";
		};
		9E6067BF245DBA6300881E82 /* Events */ = {
			isa = PBXGroup;
			children = (
				9E322E6E245F2F7A0089FEE1 /* TestData.swift */,
				9E73B424245EFBB50000AEB1 /* CategoryModel.swift */,
				9E73B422245EF4360000AEB1 /* EventsCollectionViewCell.swift */,
				9E6067BD245DBA5B00881E82 /* EventsVC.swift */,
				9E6067C6245DE1B700881E82 /* EventsTableViewCell.swift */,
			);
			path = Events;
			sourceTree = "<group>";
		};
		9E6067C2245DBA9D00881E82 /* MyEvents */ = {
			isa = PBXGroup;
			children = (
				9E6067C0245DBA9800881E82 /* myMeetings.swift */,
			);
			path = MyEvents;
			sourceTree = "<group>";
		};
		9E6067C5245DBB0D00881E82 /* Profile */ = {
			isa = PBXGroup;
			children = (
				9E6067C3245DBAF400881E82 /* ProfileVC.swift */,
			);
			path = Profile;
			sourceTree = "<group>";
		};
/* End PBXGroup section */

/* Begin PBXNativeTarget section */
		9E6067A4245DB80200881E82 /* Kvartirnik */ = {
			isa = PBXNativeTarget;
			buildConfigurationList = 9E6067B9245DB80600881E82 /* Build configuration list for PBXNativeTarget "Kvartirnik" */;
			buildPhases = (
				9E6067A1245DB80200881E82 /* Sources */,
				9E6067A2245DB80200881E82 /* Frameworks */,
				9E6067A3245DB80200881E82 /* Resources */,
			);
			buildRules = (
			);
			dependencies = (
			);
			name = Kvartirnik;
			productName = Kvartirnik;
			productReference = 9E6067A5245DB80200881E82 /* Kvartirnik.app */;
			productType = "com.apple.product-type.application";
		};
/* End PBXNativeTarget section */

/* Begin PBXProject section */
		9E60679D245DB80200881E82 /* Project object */ = {
			isa = PBXProject;
			attributes = {
				LastSwiftUpdateCheck = 1140;
				LastUpgradeCheck = 1140;
				ORGANIZATIONNAME = "Максим Окунеев";
				TargetAttributes = {
					9E6067A4245DB80200881E82 = {
						CreatedOnToolsVersion = 11.4.1;
					};
				};
			};
			buildConfigurationList = 9E6067A0245DB80200881E82 /* Build configuration list for PBXProject "Kvartirnik" */;
			compatibilityVersion = "Xcode 9.3";
			developmentRegion = en;
			hasScannedForEncodings = 0;
			knownRegions = (
				en,
				Base,
			);
			mainGroup = 9E60679C245DB80200881E82;
			productRefGroup = 9E6067A6245DB80200881E82 /* Products */;
			projectDirPath = "";
			projectRoot = "";
			targets = (
				9E6067A4245DB80200881E82 /* Kvartirnik */,
			);
		};
/* End PBXProject section */

/* Begin PBXResourcesBuildPhase section */
		9E6067A3245DB80200881E82 /* Resources */ = {
			isa = PBXResourcesBuildPhase;
			buildActionMask = 2147483647;
			files = (
				9E6067B5245DB80600881E82 /* LaunchScreen.storyboard in Resources */,
				9E6067B2245DB80600881E82 /* Assets.xcassets in Resources */,
				9E6067B0245DB80200881E82 /* Main.storyboard in Resources */,
			);
			runOnlyForDeploymentPostprocessing = 0;
		};
/* End PBXResourcesBuildPhase section */

/* Begin PBXSourcesBuildPhase section */
		9E6067A1245DB80200881E82 /* Sources */ = {
			isa = PBXSourcesBuildPhase;
			buildActionMask = 2147483647;
			files = (
				9E6067C4245DBAF400881E82 /* ProfileVC.swift in Sources */,
				9E6067C7245DE1B700881E82 /* EventsTableViewCell.swift in Sources */,
				9E73B423245EF4360000AEB1 /* EventsCollectionViewCell.swift in Sources */,
				9E322E6F245F2F7A0089FEE1 /* TestData.swift in Sources */,
				9E6067C1245DBA9800881E82 /* myMeetings.swift in Sources */,
				9E6067BE245DBA5B00881E82 /* EventsVC.swift in Sources */,
				9E6067AD245DB80200881E82 /* NewEventVC.swift in Sources */,
				9E6067A9245DB80200881E82 /* AppDelegate.swift in Sources */,
				9E73B425245EFBB50000AEB1 /* CategoryModel.swift in Sources */,
				9E73B427245EFC1F0000AEB1 /* EventModel.swift in Sources */,
				9E6067AB245DB80200881E82 /* SceneDelegate.swift in Sources */,
			);
			runOnlyForDeploymentPostprocessing = 0;
		};
/* End PBXSourcesBuildPhase section */

/* Begin PBXVariantGroup section */
		9E6067AE245DB80200881E82 /* Main.storyboard */ = {
			isa = PBXVariantGroup;
			children = (
				9E6067AF245DB80200881E82 /* Base */,
			);
			name = Main.storyboard;
			sourceTree = "<group>";
		};
		9E6067B3245DB80600881E82 /* LaunchScreen.storyboard */ = {
			isa = PBXVariantGroup;
			children = (
				9E6067B4245DB80600881E82 /* Base */,
			);
			name = LaunchScreen.storyboard;
			sourceTree = "<group>";
		};
/* End PBXVariantGroup section */

/* Begin XCBuildConfiguration section */
		9E6067B7245DB80600881E82 /* Debug */ = {
			isa = XCBuildConfiguration;
			buildSettings = {
				ALWAYS_SEARCH_USER_PATHS = NO;
				CLANG_ANALYZER_NONNULL = YES;
				CLANG_ANALYZER_NUMBER_OBJECT_CONVERSION = YES_AGGRESSIVE;
				CLANG_CXX_LANGUAGE_STANDARD = "gnu++14";
				CLANG_CXX_LIBRARY = "libc++";
				CLANG_ENABLE_MODULES = YES;
				CLANG_ENABLE_OBJC_ARC = YES;
				CLANG_ENABLE_OBJC_WEAK = YES;
				CLANG_WARN_BLOCK_CAPTURE_AUTORELEASING = YES;
				CLANG_WARN_BOOL_CONVERSION = YES;
				CLANG_WARN_COMMA = YES;
				CLANG_WARN_CONSTANT_CONVERSION = YES;
				CLANG_WARN_DEPRECATED_OBJC_IMPLEMENTATIONS = YES;
				CLANG_WARN_DIRECT_OBJC_ISA_USAGE = YES_ERROR;
				CLANG_WARN_DOCUMENTATION_COMMENTS = YES;
				CLANG_WARN_EMPTY_BODY = YES;
				CLANG_WARN_ENUM_CONVERSION = YES;
				CLANG_WARN_INFINITE_RECURSION = YES;
				CLANG_WARN_INT_CONVERSION = YES;
				CLANG_WARN_NON_LITERAL_NULL_CONVERSION = YES;
				CLANG_WARN_OBJC_IMPLICIT_RETAIN_SELF = YES;
				CLANG_WARN_OBJC_LITERAL_CONVERSION = YES;
				CLANG_WARN_OBJC_ROOT_CLASS = YES_ERROR;
				CLANG_WARN_RANGE_LOOP_ANALYSIS = YES;
				CLANG_WARN_STRICT_PROTOTYPES = YES;
				CLANG_WARN_SUSPICIOUS_MOVE = YES;
				CLANG_WARN_UNGUARDED_AVAILABILITY = YES_AGGRESSIVE;
				CLANG_WARN_UNREACHABLE_CODE = YES;
				CLANG_WARN__DUPLICATE_METHOD_MATCH = YES;
				COPY_PHASE_STRIP = NO;
				DEBUG_INFORMATION_FORMAT = dwarf;
				ENABLE_STRICT_OBJC_MSGSEND = YES;
				ENABLE_TESTABILITY = YES;
				GCC_C_LANGUAGE_STANDARD = gnu11;
				GCC_DYNAMIC_NO_PIC = NO;
				GCC_NO_COMMON_BLOCKS = YES;
				GCC_OPTIMIZATION_LEVEL = 0;
				GCC_PREPROCESSOR_DEFINITIONS = (
					"DEBUG=1",
					"$(inherited)",
				);
				GCC_WARN_64_TO_32_BIT_CONVERSION = YES;
				GCC_WARN_ABOUT_RETURN_TYPE = YES_ERROR;
				GCC_WARN_UNDECLARED_SELECTOR = YES;
				GCC_WARN_UNINITIALIZED_AUTOS = YES_AGGRESSIVE;
				GCC_WARN_UNUSED_FUNCTION = YES;
				GCC_WARN_UNUSED_VARIABLE = YES;
				IPHONEOS_DEPLOYMENT_TARGET = 13.4;
				MTL_ENABLE_DEBUG_INFO = INCLUDE_SOURCE;
				MTL_FAST_MATH = YES;
				ONLY_ACTIVE_ARCH = YES;
				SDKROOT = iphoneos;
				SWIFT_ACTIVE_COMPILATION_CONDITIONS = DEBUG;
				SWIFT_OPTIMIZATION_LEVEL = "-Onone";
			};
			name = Debug;
		};
		9E6067B8245DB80600881E82 /* Release */ = {
			isa = XCBuildConfiguration;
			buildSettings = {
				ALWAYS_SEARCH_USER_PATHS = NO;
				CLANG_ANALYZER_NONNULL = YES;
				CLANG_ANALYZER_NUMBER_OBJECT_CONVERSION = YES_AGGRESSIVE;
				CLANG_CXX_LANGUAGE_STANDARD = "gnu++14";
				CLANG_CXX_LIBRARY = "libc++";
				CLANG_ENABLE_MODULES = YES;
				CLANG_ENABLE_OBJC_ARC = YES;
				CLANG_ENABLE_OBJC_WEAK = YES;
				CLANG_WARN_BLOCK_CAPTURE_AUTORELEASING = YES;
				CLANG_WARN_BOOL_CONVERSION = YES;
				CLANG_WARN_COMMA = YES;
				CLANG_WARN_CONSTANT_CONVERSION = YES;
				CLANG_WARN_DEPRECATED_OBJC_IMPLEMENTATIONS = YES;
				CLANG_WARN_DIRECT_OBJC_ISA_USAGE = YES_ERROR;
				CLANG_WARN_DOCUMENTATION_COMMENTS = YES;
				CLANG_WARN_EMPTY_BODY = YES;
				CLANG_WARN_ENUM_CONVERSION = YES;
				CLANG_WARN_INFINITE_RECURSION = YES;
				CLANG_WARN_INT_CONVERSION = YES;
				CLANG_WARN_NON_LITERAL_NULL_CONVERSION = YES;
				CLANG_WARN_OBJC_IMPLICIT_RETAIN_SELF = YES;
				CLANG_WARN_OBJC_LITERAL_CONVERSION = YES;
				CLANG_WARN_OBJC_ROOT_CLASS = YES_ERROR;
				CLANG_WARN_RANGE_LOOP_ANALYSIS = YES;
				CLANG_WARN_STRICT_PROTOTYPES = YES;
				CLANG_WARN_SUSPICIOUS_MOVE = YES;
				CLANG_WARN_UNGUARDED_AVAILABILITY = YES_AGGRESSIVE;
				CLANG_WARN_UNREACHABLE_CODE = YES;
				CLANG_WARN__DUPLICATE_METHOD_MATCH = YES;
				COPY_PHASE_STRIP = NO;
				DEBUG_INFORMATION_FORMAT = "dwarf-with-dsym";
				ENABLE_NS_ASSERTIONS = NO;
				ENABLE_STRICT_OBJC_MSGSEND = YES;
				GCC_C_LANGUAGE_STANDARD = gnu11;
				GCC_NO_COMMON_BLOCKS = YES;
				GCC_WARN_64_TO_32_BIT_CONVERSION = YES;
				GCC_WARN_ABOUT_RETURN_TYPE = YES_ERROR;
				GCC_WARN_UNDECLARED_SELECTOR = YES;
				GCC_WARN_UNINITIALIZED_AUTOS = YES_AGGRESSIVE;
				GCC_WARN_UNUSED_FUNCTION = YES;
				GCC_WARN_UNUSED_VARIABLE = YES;
				IPHONEOS_DEPLOYMENT_TARGET = 13.4;
				MTL_ENABLE_DEBUG_INFO = NO;
				MTL_FAST_MATH = YES;
				SDKROOT = iphoneos;
				SWIFT_COMPILATION_MODE = wholemodule;
				SWIFT_OPTIMIZATION_LEVEL = "-O";
				VALIDATE_PRODUCT = YES;
			};
			name = Release;
		};
		9E6067BA245DB80600881E82 /* Debug */ = {
			isa = XCBuildConfiguration;
			buildSettings = {
				ASSETCATALOG_COMPILER_APPICON_NAME = AppIcon;
				CODE_SIGN_STYLE = Automatic;
				DEVELOPMENT_TEAM = WJR74JV9LN;
				INFOPLIST_FILE = Kvartirnik/Info.plist;
				LD_RUNPATH_SEARCH_PATHS = (
					"$(inherited)",
					"@executable_path/Frameworks",
				);
				PRODUCT_BUNDLE_IDENTIFIER = "-.Kvartirnik";
				PRODUCT_NAME = "$(TARGET_NAME)";
				SWIFT_VERSION = 5.0;
				TARGETED_DEVICE_FAMILY = "1,2";
			};
			name = Debug;
		};
		9E6067BB245DB80600881E82 /* Release */ = {
			isa = XCBuildConfiguration;
			buildSettings = {
				ASSETCATALOG_COMPILER_APPICON_NAME = AppIcon;
				CODE_SIGN_STYLE = Automatic;
				DEVELOPMENT_TEAM = WJR74JV9LN;
				INFOPLIST_FILE = Kvartirnik/Info.plist;
				LD_RUNPATH_SEARCH_PATHS = (
					"$(inherited)",
					"@executable_path/Frameworks",
				);
				PRODUCT_BUNDLE_IDENTIFIER = "-.Kvartirnik";
				PRODUCT_NAME = "$(TARGET_NAME)";
				SWIFT_VERSION = 5.0;
				TARGETED_DEVICE_FAMILY = "1,2";
			};
			name = Release;
		};
/* End XCBuildConfiguration section */

/* Begin XCConfigurationList section */
		9E6067A0245DB80200881E82 /* Build configuration list for PBXProject "Kvartirnik" */ = {
			isa = XCConfigurationList;
			buildConfigurations = (
				9E6067B7245DB80600881E82 /* Debug */,
				9E6067B8245DB80600881E82 /* Release */,
			);
			defaultConfigurationIsVisible = 0;
			defaultConfigurationName = Release;
		};
		9E6067B9245DB80600881E82 /* Build configuration list for PBXNativeTarget "Kvartirnik" */ = {
			isa = XCConfigurationList;
			buildConfigurations = (
				9E6067BA245DB80600881E82 /* Debug */,
				9E6067BB245DB80600881E82 /* Release */,
			);
			defaultConfigurationIsVisible = 0;
			defaultConfigurationName = Release;
		};
/* End XCConfigurationList section */
	};
	rootObject = 9E60679D245DB80200881E82 /* Project object */;
}
